# THIS IS AN AUTOGENERATED FILE. DO NOT EDIT THIS FILE DIRECTLY.
# yarn lockfile v1


jquery@^3.6.0:
  version "3.6.0"
  resolved "https://registry.yarnpkg.com/jquery/-/jquery-3.6.0.tgz#c72a09f15c1bdce142f49dbf1170bdf8adac2470"
  integrity sha512-JVzAR/AjBvVt2BmYhxRCSYysDsPcssdmTFnzyLEts9qNwmjmu4JTAMYubEfwVOSwpQ1I1sKKFcxhZCI2buerfw==

rails-ujs@^5.2.6-3:
  version "5.2.6-3"
  resolved "https://registry.yarnpkg.com/rails-ujs/-/rails-ujs-5.2.6-3.tgz#f5a6ff8a0b86759b6c7e5fec041660ac144093fc"
  integrity sha512-zbmCHx9F8GTvkScnIti39RcxxEohUXYkoB8uVEdVUey2zjiqFzgHXGacAw2pP9/qXKSaxAH9MTX9I1zjJ5tZbA==
